
Microsoft Visual Studio Solution File, Format Version 12.00
# Visual Studio Version 17
VisualStudioVersion = 17.0.31903.59
MinimumVisualStudioVersion = 10.0.40219.1
Project("{FAE04EC0-301F-11D3-BF4B-00C04F79EFBC}") = "app1cs", "..\..\..\Учоба 3 курс\C#\app1cs\app1cs.csproj", "{FD4E0468-CB3B-4576-B0D1-377A6DE45B4C}"
EndProject
Global
	GlobalSection(SolutionConfigurationPlatforms) = preSolution
		Debug|Any CPU = Debug|Any CPU
		Release|Any CPU = Release|Any CPU
	EndGlobalSection
	GlobalSection(SolutionProperties) = preSolution
		HideSolutionNode = FALSE
	EndGlobalSection
	GlobalSection(ProjectConfigurationPlatforms) = postSolution
		{FD4E0468-CB3B-4576-B0D1-377A6DE45B4C}.Debug|Any CPU.ActiveCfg = Debug|Any CPU
		{FD4E0468-CB3B-4576-B0D1-377A6DE45B4C}.Debug|Any CPU.Build.0 = Debug|Any CPU
		{FD4E0468-CB3B-4576-B0D1-377A6DE45B4C}.Release|Any CPU.ActiveCfg = Release|Any CPU
		{FD4E0468-CB3B-4576-B0D1-377A6DE45B4C}.Release|Any CPU.Build.0 = Release|Any CPU
	EndGlobalSection
EndGlobal
